Microsoft Visual Studio Solution File, Format Version 11.00
# Visual Studio 2008

Project("{AB4C93A4-84A6-A641-623D-A653E5060606}") = "Moonshot", "Assembly-CSharp.csproj", "{E4AE8A2F-6B58-36A6-B354-58473CE63128}"
EndProject
Global
	GlobalSection(SolutionConfigurationPlatforms) = preSolution
		Debug|Any CPU = Debug|Any CPU
		Release|Any CPU = Release|Any CPU
	EndGlobalSection
	GlobalSection(ProjectConfigurationPlatforms) = postSolution
		{E4AE8A2F-6B58-36A6-B354-58473CE63128}.Debug|Any CPU.ActiveCfg = Debug|Any CPU
		{E4AE8A2F-6B58-36A6-B354-58473CE63128}.Debug|Any CPU.Build.0 = Debug|Any CPU
		{E4AE8A2F-6B58-36A6-B354-58473CE63128}.Release|Any CPU.ActiveCfg = Release|Any CPU
		{E4AE8A2F-6B58-36A6-B354-58473CE63128}.Release|Any CPU.Build.0 = Release|Any CPU
	EndGlobalSection
	GlobalSection(SolutionProperties) = preSolution
		HideSolutionNode = FALSE
	EndGlobalSection
	GlobalSection(MonoDevelopProperties) = preSolution
		StartupItem = Assembly-CSharp.csproj
	EndGlobalSection
EndGlobal
